
Microsoft Visual Studio Solution File, Format Version 12.00
Project("{FAE04EC0-301F-11D3-BF4B-00C04F79EFBC}") = "GUI", "GUI\GUI.csproj", "{9EA7E7F8-D7A3-485C-AFA0-FA82A528EB53}"
EndProject
Project("{FAE04EC0-301F-11D3-BF4B-00C04F79EFBC}") = "ServiceLayer", "ServiceLayer\ServiceLayer.csproj", "{6A86E3FE-591E-42AD-A861-66B6977DB3EC}"
EndProject
Project("{FAE04EC0-301F-11D3-BF4B-00C04F79EFBC}") = "DataLayer", "DataLayer\DataLayer.csproj", "{D970D55A-07EC-410E-910E-AE3B4F07F531}"
EndProject
Project("{FAE04EC0-301F-11D3-BF4B-00C04F79EFBC}") = "ModelLayer", "ModelLayer\ModelLayer.csproj", "{97FD9C56-D0F4-4E28-BB07-3EBA43AADA47}"
EndProject
Project("{FAE04EC0-301F-11D3-BF4B-00C04F79EFBC}") = "Tester", "Tester\Tester.csproj", "{1A900A9B-8625-48BA-A32F-1E74F2312CEF}"
EndProject
Global
	GlobalSection(SolutionConfigurationPlatforms) = preSolution
		Debug|Any CPU = Debug|Any CPU
		Release|Any CPU = Release|Any CPU
	EndGlobalSection
	GlobalSection(ProjectConfigurationPlatforms) = postSolution
		{9EA7E7F8-D7A3-485C-AFA0-FA82A528EB53}.Debug|Any CPU.ActiveCfg = Debug|Any CPU
		{9EA7E7F8-D7A3-485C-AFA0-FA82A528EB53}.Debug|Any CPU.Build.0 = Debug|Any CPU
		{9EA7E7F8-D7A3-485C-AFA0-FA82A528EB53}.Release|Any CPU.ActiveCfg = Release|Any CPU
		{9EA7E7F8-D7A3-485C-AFA0-FA82A528EB53}.Release|Any CPU.Build.0 = Release|Any CPU
		{6A86E3FE-591E-42AD-A861-66B6977DB3EC}.Debug|Any CPU.ActiveCfg = Debug|Any CPU
		{6A86E3FE-591E-42AD-A861-66B6977DB3EC}.Debug|Any CPU.Build.0 = Debug|Any CPU
		{6A86E3FE-591E-42AD-A861-66B6977DB3EC}.Release|Any CPU.ActiveCfg = Release|Any CPU
		{6A86E3FE-591E-42AD-A861-66B6977DB3EC}.Release|Any CPU.Build.0 = Release|Any CPU
		{D970D55A-07EC-410E-910E-AE3B4F07F531}.Debug|Any CPU.ActiveCfg = Debug|Any CPU
		{D970D55A-07EC-410E-910E-AE3B4F07F531}.Debug|Any CPU.Build.0 = Debug|Any CPU
		{D970D55A-07EC-410E-910E-AE3B4F07F531}.Release|Any CPU.ActiveCfg = Release|Any CPU
		{D970D55A-07EC-410E-910E-AE3B4F07F531}.Release|Any CPU.Build.0 = Release|Any CPU
		{97FD9C56-D0F4-4E28-BB07-3EBA43AADA47}.Debug|Any CPU.ActiveCfg = Debug|Any CPU
		{97FD9C56-D0F4-4E28-BB07-3EBA43AADA47}.Debug|Any CPU.Build.0 = Debug|Any CPU
		{97FD9C56-D0F4-4E28-BB07-3EBA43AADA47}.Release|Any CPU.ActiveCfg = Release|Any CPU
		{97FD9C56-D0F4-4E28-BB07-3EBA43AADA47}.Release|Any CPU.Build.0 = Release|Any CPU
		{1A900A9B-8625-48BA-A32F-1E74F2312CEF}.Debug|Any CPU.ActiveCfg = Debug|Any CPU
		{1A900A9B-8625-48BA-A32F-1E74F2312CEF}.Debug|Any CPU.Build.0 = Debug|Any CPU
		{1A900A9B-8625-48BA-A32F-1E74F2312CEF}.Release|Any CPU.ActiveCfg = Release|Any CPU
		{1A900A9B-8625-48BA-A32F-1E74F2312CEF}.Release|Any CPU.Build.0 = Release|Any CPU
	EndGlobalSection
EndGlobal
